// !$*UTF8*$!
{
	archiveVersion = 1;
	classes = {
	};
	objectVersion = 77;
	objects = {

/* Begin PBXBuildFile section */
		AB4B3BB02D5A1CBE001D3F63 /* ContentView.swift in Sources */ = {isa = PBXBuildFile; fileRef = AB4B3BAD2D5A1CBE001D3F63 /* ContentView.swift */; };
		AB4B3BB12D5A1CBE001D3F63 /* TranslatorApp.swift in Sources */ = {isa = PBXBuildFile; fileRef = AB4B3BAE2D5A1CBE001D3F63 /* TranslatorApp.swift */; };
		AB4B3BB22D5A1CBE001D3F63 /* Preview Assets.xcassets in Resources */ = {isa = PBXBuildFile; fileRef = AB4B3BAA2D5A1CBE001D3F63 /* Preview Assets.xcassets */; };
		AB4B3BB32D5A1CBE001D3F63 /* Assets.xcassets in Resources */ = {isa = PBXBuildFile; fileRef = AB4B3BAC2D5A1CBE001D3F63 /* Assets.xcassets */; };
		AB4B3BB72D5A1F54001D3F63 /* Font.swift in Sources */ = {isa = PBXBuildFile; fileRef = AB4B3BB62D5A1F54001D3F63 /* Font.swift */; };
		AB4B3BC02D5A3ED7001D3F63 /* MainView.swift in Sources */ = {isa = PBXBuildFile; fileRef = AB4B3BBF2D5A3ED7001D3F63 /* MainView.swift */; };
		AB4B3BC62D5A3F92001D3F63 /* SettingsView.swift in Sources */ = {isa = PBXBuildFile; fileRef = AB4B3BC52D5A3F92001D3F63 /* SettingsView.swift */; };
		AB4B3BC82D5A4088001D3F63 /* MainViewModel.swift in Sources */ = {isa = PBXBuildFile; fileRef = AB4B3BC72D5A4088001D3F63 /* MainViewModel.swift */; };
		AB4B3BCB2D5A718E001D3F63 /* AppCoordinator.swift in Sources */ = {isa = PBXBuildFile; fileRef = AB4B3BCA2D5A718E001D3F63 /* AppCoordinator.swift */; };
		AB4B3BCE2D5A71F4001D3F63 /* MainCoordinator.swift in Sources */ = {isa = PBXBuildFile; fileRef = AB4B3BCD2D5A71F4001D3F63 /* MainCoordinator.swift */; };
		AB4B3BD02D5A7260001D3F63 /* MainFlow.swift in Sources */ = {isa = PBXBuildFile; fileRef = AB4B3BCF2D5A7260001D3F63 /* MainFlow.swift */; };
		AB4B3BD32D5A7D19001D3F63 /* MainModel.swift in Sources */ = {isa = PBXBuildFile; fileRef = AB4B3BD22D5A7D19001D3F63 /* MainModel.swift */; };
		AB4B3BD92D5B68D2001D3F63 /* TabModel.swift in Sources */ = {isa = PBXBuildFile; fileRef = AB4B3BD82D5B68D2001D3F63 /* TabModel.swift */; };
		AB4B3BDD2D5B7EA6001D3F63 /* TabBarView.swift in Sources */ = {isa = PBXBuildFile; fileRef = AB4B3BDC2D5B7EA6001D3F63 /* TabBarView.swift */; };
		AB4B3BDF2D5B8179001D3F63 /* SettingsCoordinator.swift in Sources */ = {isa = PBXBuildFile; fileRef = AB4B3BDE2D5B8179001D3F63 /* SettingsCoordinator.swift */; };
		AB4B3BE12D5B82B7001D3F63 /* SettingsModel.swift in Sources */ = {isa = PBXBuildFile; fileRef = AB4B3BE02D5B82B7001D3F63 /* SettingsModel.swift */; };
		AB4B3BE32D5B85AE001D3F63 /* SettingsViewModel.swift in Sources */ = {isa = PBXBuildFile; fileRef = AB4B3BE22D5B85AE001D3F63 /* SettingsViewModel.swift */; };
		AB4B3BE72D5B8F63001D3F63 /* HideTabBar.swift in Sources */ = {isa = PBXBuildFile; fileRef = AB4B3BE62D5B8F63001D3F63 /* HideTabBar.swift */; };
		ABEE17712D5CEA7500A78C21 /* SpeechRecognizer.swift in Sources */ = {isa = PBXBuildFile; fileRef = ABEE17702D5CEA7500A78C21 /* SpeechRecognizer.swift */; };
		ABEE17772D5D181700A78C21 /* ResultView.swift in Sources */ = {isa = PBXBuildFile; fileRef = ABEE17762D5D181700A78C21 /* ResultView.swift */; };
		ABEE177A2D5D1B5D00A78C21 /* SpeechBubbleShape.swift in Sources */ = {isa = PBXBuildFile; fileRef = ABEE17792D5D1B5D00A78C21 /* SpeechBubbleShape.swift */; };
/* End PBXBuildFile section */

/* Begin PBXFileReference section */
		AB4B3B992D5A1CB8001D3F63 /* Translator.app */ = {isa = PBXFileReference; explicitFileType = wrapper.application; includeInIndex = 0; path = Translator.app; sourceTree = BUILT_PRODUCTS_DIR; };
		AB4B3BAA2D5A1CBE001D3F63 /* Preview Assets.xcassets */ = {isa = PBXFileReference; lastKnownFileType = folder.assetcatalog; path = "Preview Assets.xcassets"; sourceTree = "<group>"; };
		AB4B3BAC2D5A1CBE001D3F63 /* Assets.xcassets */ = {isa = PBXFileReference; lastKnownFileType = folder.assetcatalog; path = Assets.xcassets; sourceTree = "<group>"; };
		AB4B3BAD2D5A1CBE001D3F63 /* ContentView.swift */ = {isa = PBXFileReference; lastKnownFileType = sourcecode.swift; path = ContentView.swift; sourceTree = "<group>"; };
		AB4B3BAE2D5A1CBE001D3F63 /* TranslatorApp.swift */ = {isa = PBXFileReference; lastKnownFileType = sourcecode.swift; path = TranslatorApp.swift; sourceTree = "<group>"; };
		AB4B3BB62D5A1F54001D3F63 /* Font.swift */ = {isa = PBXFileReference; lastKnownFileType = sourcecode.swift; path = Font.swift; sourceTree = "<group>"; };
		AB4B3BBF2D5A3ED7001D3F63 /* MainView.swift */ = {isa = PBXFileReference; lastKnownFileType = sourcecode.swift; path = MainView.swift; sourceTree = "<group>"; };
		AB4B3BC52D5A3F92001D3F63 /* SettingsView.swift */ = {isa = PBXFileReference; lastKnownFileType = sourcecode.swift; path = SettingsView.swift; sourceTree = "<group>"; };
		AB4B3BC72D5A4088001D3F63 /* MainViewModel.swift */ = {isa = PBXFileReference; lastKnownFileType = sourcecode.swift; path = MainViewModel.swift; sourceTree = "<group>"; };
		AB4B3BCA2D5A718E001D3F63 /* AppCoordinator.swift */ = {isa = PBXFileReference; lastKnownFileType = sourcecode.swift; path = AppCoordinator.swift; sourceTree = "<group>"; };
		AB4B3BCD2D5A71F4001D3F63 /* MainCoordinator.swift */ = {isa = PBXFileReference; lastKnownFileType = sourcecode.swift; path = MainCoordinator.swift; sourceTree = "<group>"; };
		AB4B3BCF2D5A7260001D3F63 /* MainFlow.swift */ = {isa = PBXFileReference; lastKnownFileType = sourcecode.swift; path = MainFlow.swift; sourceTree = "<group>"; };
		AB4B3BD22D5A7D19001D3F63 /* MainModel.swift */ = {isa = PBXFileReference; lastKnownFileType = sourcecode.swift; path = MainModel.swift; sourceTree = "<group>"; };
		AB4B3BD82D5B68D2001D3F63 /* TabModel.swift */ = {isa = PBXFileReference; lastKnownFileType = sourcecode.swift; path = TabModel.swift; sourceTree = "<group>"; };
		AB4B3BDC2D5B7EA6001D3F63 /* TabBarView.swift */ = {isa = PBXFileReference; lastKnownFileType = sourcecode.swift; path = TabBarView.swift; sourceTree = "<group>"; };
		AB4B3BDE2D5B8179001D3F63 /* SettingsCoordinator.swift */ = {isa = PBXFileReference; lastKnownFileType = sourcecode.swift; path = SettingsCoordinator.swift; sourceTree = "<group>"; };
		AB4B3BE02D5B82B7001D3F63 /* SettingsModel.swift */ = {isa = PBXFileReference; lastKnownFileType = sourcecode.swift; path = SettingsModel.swift; sourceTree = "<group>"; };
		AB4B3BE22D5B85AE001D3F63 /* SettingsViewModel.swift */ = {isa = PBXFileReference; lastKnownFileType = sourcecode.swift; path = SettingsViewModel.swift; sourceTree = "<group>"; };
		AB4B3BE62D5B8F63001D3F63 /* HideTabBar.swift */ = {isa = PBXFileReference; lastKnownFileType = sourcecode.swift; path = HideTabBar.swift; sourceTree = "<group>"; };
		ABEE17702D5CEA7500A78C21 /* SpeechRecognizer.swift */ = {isa = PBXFileReference; lastKnownFileType = sourcecode.swift; path = SpeechRecognizer.swift; sourceTree = "<group>"; };
		ABEE17762D5D181700A78C21 /* ResultView.swift */ = {isa = PBXFileReference; lastKnownFileType = sourcecode.swift; path = ResultView.swift; sourceTree = "<group>"; };
		ABEE17792D5D1B5D00A78C21 /* SpeechBubbleShape.swift */ = {isa = PBXFileReference; lastKnownFileType = sourcecode.swift; path = SpeechBubbleShape.swift; sourceTree = "<group>"; };
/* End PBXFileReference section */

/* Begin PBXFrameworksBuildPhase section */
		AB4B3B962D5A1CB8001D3F63 /* Frameworks */ = {
			isa = PBXFrameworksBuildPhase;
			buildActionMask = 2147483647;
			files = (
			);
			runOnlyForDeploymentPostprocessing = 0;
		};
/* End PBXFrameworksBuildPhase section */

/* Begin PBXGroup section */
		AB4B3B902D5A1CB8001D3F63 = {
			isa = PBXGroup;
			children = (
				AB4B3BAF2D5A1CBE001D3F63 /* Translator */,
				AB4B3B9A2D5A1CB8001D3F63 /* Products */,
			);
			sourceTree = "<group>";
		};
		AB4B3B9A2D5A1CB8001D3F63 /* Products */ = {
			isa = PBXGroup;
			children = (
				AB4B3B992D5A1CB8001D3F63 /* Translator.app */,
			);
			name = Products;
			sourceTree = "<group>";
		};
		AB4B3BAB2D5A1CBE001D3F63 /* Preview Content */ = {
			isa = PBXGroup;
			children = (
				AB4B3BAA2D5A1CBE001D3F63 /* Preview Assets.xcassets */,
			);
			path = "Preview Content";
			sourceTree = "<group>";
		};
		AB4B3BAF2D5A1CBE001D3F63 /* Translator */ = {
			isa = PBXGroup;
			children = (
				AB4B3BB82D5A3D5C001D3F63 /* Presentation */,
				AB4B3BAB2D5A1CBE001D3F63 /* Preview Content */,
				AB4B3BD42D5B612F001D3F63 /* Resources */,
				AB4B3BB42D5A1F1D001D3F63 /* Sopported Files */,
				AB4B3BAD2D5A1CBE001D3F63 /* ContentView.swift */,
			);
			path = Translator;
			sourceTree = "<group>";
		};
		AB4B3BB42D5A1F1D001D3F63 /* Sopported Files */ = {
			isa = PBXGroup;
			children = (
				AB4B3BB52D5A1F44001D3F63 /* Constants */,
				AB4B3BAC2D5A1CBE001D3F63 /* Assets.xcassets */,
			);
			path = "Sopported Files";
			sourceTree = "<group>";
		};
		AB4B3BB52D5A1F44001D3F63 /* Constants */ = {
			isa = PBXGroup;
			children = (
				AB4B3BB62D5A1F54001D3F63 /* Font.swift */,
			);
			path = Constants;
			sourceTree = "<group>";
		};
		AB4B3BB82D5A3D5C001D3F63 /* Presentation */ = {
			isa = PBXGroup;
			children = (
				AB4B3BC92D5A7174001D3F63 /* App */,
				AB4B3BC12D5A3F61001D3F63 /* SettingsModule */,
				AB4B3BB92D5A3D6E001D3F63 /* MainModule */,
			);
			path = Presentation;
			sourceTree = "<group>";
		};
		AB4B3BB92D5A3D6E001D3F63 /* MainModule */ = {
			isa = PBXGroup;
			children = (
				AB4B3BCC2D5A71DF001D3F63 /* Coordinator */,
				AB4B3BBA2D5A3D8D001D3F63 /* Model */,
				AB4B3BBC2D5A3D9E001D3F63 /* View */,
				AB4B3BBD2D5A3EAD001D3F63 /* ViewModel */,
			);
			path = MainModule;
			sourceTree = "<group>";
		};
		AB4B3BBA2D5A3D8D001D3F63 /* Model */ = {
			isa = PBXGroup;
			children = (
				AB4B3BD22D5A7D19001D3F63 /* MainModel.swift */,
			);
			path = Model;
			sourceTree = "<group>";
		};
		AB4B3BBC2D5A3D9E001D3F63 /* View */ = {
			isa = PBXGroup;
			children = (
				AB4B3BBF2D5A3ED7001D3F63 /* MainView.swift */,
				ABEE17762D5D181700A78C21 /* ResultView.swift */,
			);
			path = View;
			sourceTree = "<group>";
		};
		AB4B3BBD2D5A3EAD001D3F63 /* ViewModel */ = {
			isa = PBXGroup;
			children = (
				AB4B3BC72D5A4088001D3F63 /* MainViewModel.swift */,
			);
			path = ViewModel;
			sourceTree = "<group>";
		};
		AB4B3BC12D5A3F61001D3F63 /* SettingsModule */ = {
			isa = PBXGroup;
			children = (
				AB4B3BD12D5A773E001D3F63 /* Coordinator */,
				AB4B3BC22D5A3F6C001D3F63 /* Model */,
				AB4B3BC32D5A3F74001D3F63 /* View */,
				AB4B3BC42D5A3F79001D3F63 /* ViewModel */,
			);
			path = SettingsModule;
			sourceTree = "<group>";
		};
		AB4B3BC22D5A3F6C001D3F63 /* Model */ = {
			isa = PBXGroup;
			children = (
				AB4B3BE02D5B82B7001D3F63 /* SettingsModel.swift */,
			);
			path = Model;
			sourceTree = "<group>";
		};
		AB4B3BC32D5A3F74001D3F63 /* View */ = {
			isa = PBXGroup;
			children = (
				AB4B3BC52D5A3F92001D3F63 /* SettingsView.swift */,
			);
			path = View;
			sourceTree = "<group>";
		};
		AB4B3BC42D5A3F79001D3F63 /* ViewModel */ = {
			isa = PBXGroup;
			children = (
				AB4B3BE22D5B85AE001D3F63 /* SettingsViewModel.swift */,
			);
			path = ViewModel;
			sourceTree = "<group>";
		};
		AB4B3BC92D5A7174001D3F63 /* App */ = {
			isa = PBXGroup;
			children = (
				AB4B3BAE2D5A1CBE001D3F63 /* TranslatorApp.swift */,
				AB4B3BCA2D5A718E001D3F63 /* AppCoordinator.swift */,
			);
			path = App;
			sourceTree = "<group>";
		};
		AB4B3BCC2D5A71DF001D3F63 /* Coordinator */ = {
			isa = PBXGroup;
			children = (
				AB4B3BCD2D5A71F4001D3F63 /* MainCoordinator.swift */,
				AB4B3BCF2D5A7260001D3F63 /* MainFlow.swift */,
			);
			path = Coordinator;
			sourceTree = "<group>";
		};
		AB4B3BD12D5A773E001D3F63 /* Coordinator */ = {
			isa = PBXGroup;
			children = (
				AB4B3BDE2D5B8179001D3F63 /* SettingsCoordinator.swift */,
			);
			path = Coordinator;
			sourceTree = "<group>";
		};
		AB4B3BD42D5B612F001D3F63 /* Resources */ = {
			isa = PBXGroup;
			children = (
				ABEE176F2D5CEA4F00A78C21 /* Services */,
				ABEE176E2D5CE9E000A78C21 /* UI */,
			);
			path = Resources;
			sourceTree = "<group>";
		};
		AB4B3BD52D5B6830001D3F63 /* TabBar */ = {
			isa = PBXGroup;
			children = (
				AB4B3BE52D5B8F55001D3F63 /* Helper */,
				AB4B3BD72D5B68C6001D3F63 /* View */,
				AB4B3BD62D5B68B9001D3F63 /* Model */,
			);
			path = TabBar;
			sourceTree = "<group>";
		};
		AB4B3BD62D5B68B9001D3F63 /* Model */ = {
			isa = PBXGroup;
			children = (
				AB4B3BD82D5B68D2001D3F63 /* TabModel.swift */,
			);
			path = Model;
			sourceTree = "<group>";
		};
		AB4B3BD72D5B68C6001D3F63 /* View */ = {
			isa = PBXGroup;
			children = (
				AB4B3BDC2D5B7EA6001D3F63 /* TabBarView.swift */,
			);
			path = View;
			sourceTree = "<group>";
		};
		AB4B3BE52D5B8F55001D3F63 /* Helper */ = {
			isa = PBXGroup;
			children = (
				AB4B3BE62D5B8F63001D3F63 /* HideTabBar.swift */,
			);
			path = Helper;
			sourceTree = "<group>";
		};
		ABEE176E2D5CE9E000A78C21 /* UI */ = {
			isa = PBXGroup;
			children = (
				ABEE17782D5D1B4300A78C21 /*  SpeechBubbleShape */,
				AB4B3BD52D5B6830001D3F63 /* TabBar */,
			);
			path = UI;
			sourceTree = "<group>";
		};
		ABEE176F2D5CEA4F00A78C21 /* Services */ = {
			isa = PBXGroup;
			children = (
				ABEE17702D5CEA7500A78C21 /* SpeechRecognizer.swift */,
			);
			path = Services;
			sourceTree = "<group>";
		};
		ABEE17782D5D1B4300A78C21 /*  SpeechBubbleShape */ = {
			isa = PBXGroup;
			children = (
				ABEE17792D5D1B5D00A78C21 /* SpeechBubbleShape.swift */,
			);
			path = " SpeechBubbleShape";
			sourceTree = "<group>";
		};
/* End PBXGroup section */

/* Begin PBXNativeTarget section */
		AB4B3B982D5A1CB8001D3F63 /* Translator */ = {
			isa = PBXNativeTarget;
			buildConfigurationList = AB4B3BA72D5A1CBA001D3F63 /* Build configuration list for PBXNativeTarget "Translator" */;
			buildPhases = (
				AB4B3B952D5A1CB8001D3F63 /* Sources */,
				AB4B3B962D5A1CB8001D3F63 /* Frameworks */,
				AB4B3B972D5A1CB8001D3F63 /* Resources */,
			);
			buildRules = (
			);
			dependencies = (
			);
			name = Translator;
			packageProductDependencies = (
			);
			productName = Translator;
			productReference = AB4B3B992D5A1CB8001D3F63 /* Translator.app */;
			productType = "com.apple.product-type.application";
		};
/* End PBXNativeTarget section */

/* Begin PBXProject section */
		AB4B3B912D5A1CB8001D3F63 /* Project object */ = {
			isa = PBXProject;
			attributes = {
				BuildIndependentTargetsInParallel = 1;
				LastSwiftUpdateCheck = 1600;
				LastUpgradeCheck = 1600;
				TargetAttributes = {
					AB4B3B982D5A1CB8001D3F63 = {
						CreatedOnToolsVersion = 16.0;
					};
				};
			};
			buildConfigurationList = AB4B3B942D5A1CB8001D3F63 /* Build configuration list for PBXProject "Translator" */;
			developmentRegion = en;
			hasScannedForEncodings = 0;
			knownRegions = (
				en,
				Base,
			);
			mainGroup = AB4B3B902D5A1CB8001D3F63;
			minimizedProjectReferenceProxies = 1;
			preferredProjectObjectVersion = 77;
			productRefGroup = AB4B3B9A2D5A1CB8001D3F63 /* Products */;
			projectDirPath = "";
			projectRoot = "";
			targets = (
				AB4B3B982D5A1CB8001D3F63 /* Translator */,
			);
		};
/* End PBXProject section */

/* Begin PBXResourcesBuildPhase section */
		AB4B3B972D5A1CB8001D3F63 /* Resources */ = {
			isa = PBXResourcesBuildPhase;
			buildActionMask = 2147483647;
			files = (
				AB4B3BB22D5A1CBE001D3F63 /* Preview Assets.xcassets in Resources */,
				AB4B3BB32D5A1CBE001D3F63 /* Assets.xcassets in Resources */,
			);
			runOnlyForDeploymentPostprocessing = 0;
		};
/* End PBXResourcesBuildPhase section */

/* Begin PBXSourcesBuildPhase section */
		AB4B3B952D5A1CB8001D3F63 /* Sources */ = {
			isa = PBXSourcesBuildPhase;
			buildActionMask = 2147483647;
			files = (
				AB4B3BC62D5A3F92001D3F63 /* SettingsView.swift in Sources */,
				AB4B3BE72D5B8F63001D3F63 /* HideTabBar.swift in Sources */,
				AB4B3BCE2D5A71F4001D3F63 /* MainCoordinator.swift in Sources */,
				ABEE17712D5CEA7500A78C21 /* SpeechRecognizer.swift in Sources */,
				AB4B3BDF2D5B8179001D3F63 /* SettingsCoordinator.swift in Sources */,
				AB4B3BD92D5B68D2001D3F63 /* TabModel.swift in Sources */,
				AB4B3BB02D5A1CBE001D3F63 /* ContentView.swift in Sources */,
				AB4B3BE32D5B85AE001D3F63 /* SettingsViewModel.swift in Sources */,
				ABEE177A2D5D1B5D00A78C21 /* SpeechBubbleShape.swift in Sources */,
				AB4B3BC02D5A3ED7001D3F63 /* MainView.swift in Sources */,
				AB4B3BB12D5A1CBE001D3F63 /* TranslatorApp.swift in Sources */,
				AB4B3BD02D5A7260001D3F63 /* MainFlow.swift in Sources */,
				ABEE17772D5D181700A78C21 /* ResultView.swift in Sources */,
				AB4B3BB72D5A1F54001D3F63 /* Font.swift in Sources */,
				AB4B3BC82D5A4088001D3F63 /* MainViewModel.swift in Sources */,
				AB4B3BD32D5A7D19001D3F63 /* MainModel.swift in Sources */,
				AB4B3BDD2D5B7EA6001D3F63 /* TabBarView.swift in Sources */,
				AB4B3BE12D5B82B7001D3F63 /* SettingsModel.swift in Sources */,
				AB4B3BCB2D5A718E001D3F63 /* AppCoordinator.swift in Sources */,
			);
			runOnlyForDeploymentPostprocessing = 0;
		};
/* End PBXSourcesBuildPhase section */

/* Begin XCBuildConfiguration section */
		AB4B3BA52D5A1CBA001D3F63 /* Debug */ = {
			isa = XCBuildConfiguration;
			buildSettings = {
				ALWAYS_SEARCH_USER_PATHS = NO;
				ASSETCATALOG_COMPILER_GENERATE_SWIFT_ASSET_SYMBOL_EXTENSIONS = YES;
				CLANG_ANALYZER_NONNULL = YES;
				CLANG_ANALYZER_NUMBER_OBJECT_CONVERSION = YES_AGGRESSIVE;
				CLANG_CXX_LANGUAGE_STANDARD = "gnu++20";
				CLANG_ENABLE_MODULES = YES;
				CLANG_ENABLE_OBJC_ARC = YES;
				CLANG_ENABLE_OBJC_WEAK = YES;
				CLANG_WARN_BLOCK_CAPTURE_AUTORELEASING = YES;
				CLANG_WARN_BOOL_CONVERSION = YES;
				CLANG_WARN_COMMA = YES;
				CLANG_WARN_CONSTANT_CONVERSION = YES;
				CLANG_WARN_DEPRECATED_OBJC_IMPLEMENTATIONS = YES;
				CLANG_WARN_DIRECT_OBJC_ISA_USAGE = YES_ERROR;
				CLANG_WARN_DOCUMENTATION_COMMENTS = YES;
				CLANG_WARN_EMPTY_BODY = YES;
				CLANG_WARN_ENUM_CONVERSION = YES;
				CLANG_WARN_INFINITE_RECURSION = YES;
				CLANG_WARN_INT_CONVERSION = YES;
				CLANG_WARN_NON_LITERAL_NULL_CONVERSION = YES;
				CLANG_WARN_OBJC_IMPLICIT_RETAIN_SELF = YES;
				CLANG_WARN_OBJC_LITERAL_CONVERSION = YES;
				CLANG_WARN_OBJC_ROOT_CLASS = YES_ERROR;
				CLANG_WARN_QUOTED_INCLUDE_IN_FRAMEWORK_HEADER = YES;
				CLANG_WARN_RANGE_LOOP_ANALYSIS = YES;
				CLANG_WARN_STRICT_PROTOTYPES = YES;
				CLANG_WARN_SUSPICIOUS_MOVE = YES;
				CLANG_WARN_UNGUARDED_AVAILABILITY = YES_AGGRESSIVE;
				CLANG_WARN_UNREACHABLE_CODE = YES;
				CLANG_WARN__DUPLICATE_METHOD_MATCH = YES;
				COPY_PHASE_STRIP = NO;
				DEBUG_INFORMATION_FORMAT = dwarf;
				ENABLE_STRICT_OBJC_MSGSEND = YES;
				ENABLE_TESTABILITY = YES;
				ENABLE_USER_SCRIPT_SANDBOXING = YES;
				GCC_C_LANGUAGE_STANDARD = gnu17;
				GCC_DYNAMIC_NO_PIC = NO;
				GCC_NO_COMMON_BLOCKS = YES;
				GCC_OPTIMIZATION_LEVEL = 0;
				GCC_PREPROCESSOR_DEFINITIONS = (
					"DEBUG=1",
					"$(inherited)",
				);
				GCC_WARN_64_TO_32_BIT_CONVERSION = YES;
				GCC_WARN_ABOUT_RETURN_TYPE = YES_ERROR;
				GCC_WARN_UNDECLARED_SELECTOR = YES;
				GCC_WARN_UNINITIALIZED_AUTOS = YES_AGGRESSIVE;
				GCC_WARN_UNUSED_FUNCTION = YES;
				GCC_WARN_UNUSED_VARIABLE = YES;
				IPHONEOS_DEPLOYMENT_TARGET = 18.0;
				LOCALIZATION_PREFERS_STRING_CATALOGS = YES;
				MTL_ENABLE_DEBUG_INFO = INCLUDE_SOURCE;
				MTL_FAST_MATH = YES;
				ONLY_ACTIVE_ARCH = YES;
				SDKROOT = iphoneos;
				SWIFT_ACTIVE_COMPILATION_CONDITIONS = "DEBUG $(inherited)";
				SWIFT_OPTIMIZATION_LEVEL = "-Onone";
			};
			name = Debug;
		};
		AB4B3BA62D5A1CBA001D3F63 /* Release */ = {
			isa = XCBuildConfiguration;
			buildSettings = {
				ALWAYS_SEARCH_USER_PATHS = NO;
				ASSETCATALOG_COMPILER_GENERATE_SWIFT_ASSET_SYMBOL_EXTENSIONS = YES;
				CLANG_ANALYZER_NONNULL = YES;
				CLANG_ANALYZER_NUMBER_OBJECT_CONVERSION = YES_AGGRESSIVE;
				CLANG_CXX_LANGUAGE_STANDARD = "gnu++20";
				CLANG_ENABLE_MODULES = YES;
				CLANG_ENABLE_OBJC_ARC = YES;
				CLANG_ENABLE_OBJC_WEAK = YES;
				CLANG_WARN_BLOCK_CAPTURE_AUTORELEASING = YES;
				CLANG_WARN_BOOL_CONVERSION = YES;
				CLANG_WARN_COMMA = YES;
				CLANG_WARN_CONSTANT_CONVERSION = YES;
				CLANG_WARN_DEPRECATED_OBJC_IMPLEMENTATIONS = YES;
				CLANG_WARN_DIRECT_OBJC_ISA_USAGE = YES_ERROR;
				CLANG_WARN_DOCUMENTATION_COMMENTS = YES;
				CLANG_WARN_EMPTY_BODY = YES;
				CLANG_WARN_ENUM_CONVERSION = YES;
				CLANG_WARN_INFINITE_RECURSION = YES;
				CLANG_WARN_INT_CONVERSION = YES;
				CLANG_WARN_NON_LITERAL_NULL_CONVERSION = YES;
				CLANG_WARN_OBJC_IMPLICIT_RETAIN_SELF = YES;
				CLANG_WARN_OBJC_LITERAL_CONVERSION = YES;
				CLANG_WARN_OBJC_ROOT_CLASS = YES_ERROR;
				CLANG_WARN_QUOTED_INCLUDE_IN_FRAMEWORK_HEADER = YES;
				CLANG_WARN_RANGE_LOOP_ANALYSIS = YES;
				CLANG_WARN_STRICT_PROTOTYPES = YES;
				CLANG_WARN_SUSPICIOUS_MOVE = YES;
				CLANG_WARN_UNGUARDED_AVAILABILITY = YES_AGGRESSIVE;
				CLANG_WARN_UNREACHABLE_CODE = YES;
				CLANG_WARN__DUPLICATE_METHOD_MATCH = YES;
				COPY_PHASE_STRIP = NO;
				DEBUG_INFORMATION_FORMAT = "dwarf-with-dsym";
				ENABLE_NS_ASSERTIONS = NO;
				ENABLE_STRICT_OBJC_MSGSEND = YES;
				ENABLE_USER_SCRIPT_SANDBOXING = YES;
				GCC_C_LANGUAGE_STANDARD = gnu17;
				GCC_NO_COMMON_BLOCKS = YES;
				GCC_WARN_64_TO_32_BIT_CONVERSION = YES;
				GCC_WARN_ABOUT_RETURN_TYPE = YES_ERROR;
				GCC_WARN_UNDECLARED_SELECTOR = YES;
				GCC_WARN_UNINITIALIZED_AUTOS = YES_AGGRESSIVE;
				GCC_WARN_UNUSED_FUNCTION = YES;
				GCC_WARN_UNUSED_VARIABLE = YES;
				IPHONEOS_DEPLOYMENT_TARGET = 18.0;
				LOCALIZATION_PREFERS_STRING_CATALOGS = YES;
				MTL_ENABLE_DEBUG_INFO = NO;
				MTL_FAST_MATH = YES;
				SDKROOT = iphoneos;
				SWIFT_COMPILATION_MODE = wholemodule;
				VALIDATE_PRODUCT = YES;
			};
			name = Release;
		};
		AB4B3BA82D5A1CBA001D3F63 /* Debug */ = {
			isa = XCBuildConfiguration;
			buildSettings = {
				ASSETCATALOG_COMPILER_APPICON_NAME = AppIcon;
				ASSETCATALOG_COMPILER_GLOBAL_ACCENT_COLOR_NAME = AccentColor;
				CODE_SIGN_STYLE = Automatic;
				CURRENT_PROJECT_VERSION = 1;
				DEVELOPMENT_ASSET_PATHS = "\"Translator/Preview Content\"";
				DEVELOPMENT_TEAM = 6YC67WJLSY;
				ENABLE_PREVIEWS = YES;
				GENERATE_INFOPLIST_FILE = YES;
				INFOPLIST_KEY_NSMicrophoneUsageDescription = "This app requires access to the microphone to record your voice.";
				INFOPLIST_KEY_NSSpeechRecognitionUsageDescription = "This app requires speech recognition to convert your voice into text.";
				INFOPLIST_KEY_UIApplicationSceneManifest_Generation = YES;
				INFOPLIST_KEY_UIApplicationSupportsIndirectInputEvents = YES;
				INFOPLIST_KEY_UILaunchScreen_Generation = YES;
				INFOPLIST_KEY_UISupportedInterfaceOrientations = UIInterfaceOrientationPortrait;
				INFOPLIST_KEY_UISupportedInterfaceOrientations_iPad = "UIInterfaceOrientationLandscapeLeft UIInterfaceOrientationLandscapeRight UIInterfaceOrientationPortrait UIInterfaceOrientationPortraitUpsideDown";
				IPHONEOS_DEPLOYMENT_TARGET = 17.2;
				LD_RUNPATH_SEARCH_PATHS = (
					"$(inherited)",
					"@executable_path/Frameworks",
				);
				MARKETING_VERSION = 1.0;
				PRODUCT_BUNDLE_IDENTIFIER = IgorAndCompany.Translator;
				PRODUCT_NAME = "$(TARGET_NAME)";
				SWIFT_EMIT_LOC_STRINGS = YES;
				SWIFT_VERSION = 5.0;
				TARGETED_DEVICE_FAMILY = "1,2";
			};
			name = Debug;
		};
		AB4B3BA92D5A1CBA001D3F63 /* Release */ = {
			isa = XCBuildConfiguration;
			buildSettings = {
				ASSETCATALOG_COMPILER_APPICON_NAME = AppIcon;
				ASSETCATALOG_COMPILER_GLOBAL_ACCENT_COLOR_NAME = AccentColor;
				CODE_SIGN_STYLE = Automatic;
				CURRENT_PROJECT_VERSION = 1;
				DEVELOPMENT_ASSET_PATHS = "\"Translator/Preview Content\"";
				DEVELOPMENT_TEAM = 6YC67WJLSY;
				ENABLE_PREVIEWS = YES;
				GENERATE_INFOPLIST_FILE = YES;
				INFOPLIST_KEY_NSMicrophoneUsageDescription = "This app requires access to the microphone to record your voice.";
				INFOPLIST_KEY_NSSpeechRecognitionUsageDescription = "This app requires speech recognition to convert your voice into text.";
				INFOPLIST_KEY_UIApplicationSceneManifest_Generation = YES;
				INFOPLIST_KEY_UIApplicationSupportsIndirectInputEvents = YES;
				INFOPLIST_KEY_UILaunchScreen_Generation = YES;
				INFOPLIST_KEY_UISupportedInterfaceOrientations = UIInterfaceOrientationPortrait;
				INFOPLIST_KEY_UISupportedInterfaceOrientations_iPad = "UIInterfaceOrientationLandscapeLeft UIInterfaceOrientationLandscapeRight UIInterfaceOrientationPortrait UIInterfaceOrientationPortraitUpsideDown";
				IPHONEOS_DEPLOYMENT_TARGET = 17.2;
				LD_RUNPATH_SEARCH_PATHS = (
					"$(inherited)",
					"@executable_path/Frameworks",
				);
				MARKETING_VERSION = 1.0;
				PRODUCT_BUNDLE_IDENTIFIER = IgorAndCompany.Translator;
				PRODUCT_NAME = "$(TARGET_NAME)";
				SWIFT_EMIT_LOC_STRINGS = YES;
				SWIFT_VERSION = 5.0;
				TARGETED_DEVICE_FAMILY = "1,2";
			};
			name = Release;
		};
/* End XCBuildConfiguration section */

/* Begin XCConfigurationList section */
		AB4B3B942D5A1CB8001D3F63 /* Build configuration list for PBXProject "Translator" */ = {
			isa = XCConfigurationList;
			buildConfigurations = (
				AB4B3BA52D5A1CBA001D3F63 /* Debug */,
				AB4B3BA62D5A1CBA001D3F63 /* Release */,
			);
			defaultConfigurationIsVisible = 0;
			defaultConfigurationName = Release;
		};
		AB4B3BA72D5A1CBA001D3F63 /* Build configuration list for PBXNativeTarget "Translator" */ = {
			isa = XCConfigurationList;
			buildConfigurations = (
				AB4B3BA82D5A1CBA001D3F63 /* Debug */,
				AB4B3BA92D5A1CBA001D3F63 /* Release */,
			);
			defaultConfigurationIsVisible = 0;
			defaultConfigurationName = Release;
		};
/* End XCConfigurationList section */
	};
	rootObject = AB4B3B912D5A1CB8001D3F63 /* Project object */;
}
